
Microsoft Visual Studio Solution File, Format Version 12.00
# Visual Studio Version 16
VisualStudioVersion = 16.0.29613.14
MinimumVisualStudioVersion = 10.0.40219.1
Project("{FAE04EC0-301F-11D3-BF4B-00C04F79EFBC}") = "Practicheskaya18", "Practicheskaya18\Practicheskaya18.csproj", "{CC719362-5EBC-4CED-874E-63A9180BB663}"
EndProject
Global
	GlobalSection(SolutionConfigurationPlatforms) = preSolution
		Debug|Any CPU = Debug|Any CPU
		Release|Any CPU = Release|Any CPU
	EndGlobalSection
	GlobalSection(ProjectConfigurationPlatforms) = postSolution
		{CC719362-5EBC-4CED-874E-63A9180BB663}.Debug|Any CPU.ActiveCfg = Debug|Any CPU
		{CC719362-5EBC-4CED-874E-63A9180BB663}.Debug|Any CPU.Build.0 = Debug|Any CPU
		{CC719362-5EBC-4CED-874E-63A9180BB663}.Release|Any CPU.ActiveCfg = Release|Any CPU
		{CC719362-5EBC-4CED-874E-63A9180BB663}.Release|Any CPU.Build.0 = Release|Any CPU
	EndGlobalSection
	GlobalSection(SolutionProperties) = preSolution
		HideSolutionNode = FALSE
	EndGlobalSection
	GlobalSection(ExtensibilityGlobals) = postSolution
		SolutionGuid = {6F4B4AB4-5350-45DE-A68F-137487D9FEC7}
	EndGlobalSection
EndGlobal
